{
    "name": "react-native-keyboard-view",
    "version": "0.0.2-rc22",
    "lockfileVersion": 1,
    "dependencies": {
        "react-native-root-modal": {
            "version": "1.0.8",
            "resolved": "https://registry.npmjs.org/react-native-root-modal/-/react-native-root-modal-1.0.8.tgz",
            "integrity": "sha1-a3Oobi+xi/JZA+uH+Jbboy1V5Ts="
        },
        "react-native-root-siblings": {
            "version": "1.2.1",
            "resolved": "https://registry.npmjs.org/react-native-root-siblings/-/react-native-root-siblings-1.2.1.tgz",
            "integrity": "sha1-b40OcR2/mu9OV+c66nUTcrWu/P8="
        },
        "static-container": {
            "version": "1.1.0",
            "resolved": "https://registry.npmjs.org/static-container/-/static-container-1.1.0.tgz",
            "integrity": "sha1-P2fRUFSiyHNSjL6ZjBkOzrNRLIQ="
        }
    }
}
